
Microsoft Visual Studio Solution File, Format Version 12.00
# Visual Studio 15
VisualStudioVersion = 15.0.28010.2048
MinimumVisualStudioVersion = 10.0.40219.1
Project("{FAE04EC0-301F-11D3-BF4B-00C04F79EFBC}") = "Mob_Manual.Android", "Mob_Manual\Mob_Manual.Android\Mob_Manual.Android.csproj", "{C165CD4D-AD60-48A0-936C-D3680E722819}"
EndProject
Project("{FAE04EC0-301F-11D3-BF4B-00C04F79EFBC}") = "Mob_Manual.iOS", "Mob_Manual\Mob_Manual.iOS\Mob_Manual.iOS.csproj", "{B0267D4C-DF63-4FB7-A7CC-1FAC8305787D}"
EndProject
Project("{FAE04EC0-301F-11D3-BF4B-00C04F79EFBC}") = "Mob_Manual", "Mob_Manual\Mob_Manual\Mob_Manual.csproj", "{35051E60-9C05-47B6-A6DB-FF8B3756D6CC}"
EndProject
Global
	GlobalSection(SolutionConfigurationPlatforms) = preSolution
		Ad-Hoc|Any CPU = Ad-Hoc|Any CPU
		Ad-Hoc|iPhone = Ad-Hoc|iPhone
		Ad-Hoc|iPhoneSimulator = Ad-Hoc|iPhoneSimulator
		AppStore|Any CPU = AppStore|Any CPU
		AppStore|iPhone = AppStore|iPhone
		AppStore|iPhoneSimulator = AppStore|iPhoneSimulator
		Debug|Any CPU = Debug|Any CPU
		Debug|iPhone = Debug|iPhone
		Debug|iPhoneSimulator = Debug|iPhoneSimulator
		Release|Any CPU = Release|Any CPU
		Release|iPhone = Release|iPhone
		Release|iPhoneSimulator = Release|iPhoneSimulator
	EndGlobalSection
	GlobalSection(ProjectConfigurationPlatforms) = postSolution
		{C165CD4D-AD60-48A0-936C-D3680E722819}.Ad-Hoc|Any CPU.ActiveCfg = Release|Any CPU
		{C165CD4D-AD60-48A0-936C-D3680E722819}.Ad-Hoc|Any CPU.Build.0 = Release|Any CPU
		{C165CD4D-AD60-48A0-936C-D3680E722819}.Ad-Hoc|Any CPU.Deploy.0 = Release|Any CPU
		{C165CD4D-AD60-48A0-936C-D3680E722819}.Ad-Hoc|iPhone.ActiveCfg = Release|Any CPU
		{C165CD4D-AD60-48A0-936C-D3680E722819}.Ad-Hoc|iPhone.Build.0 = Release|Any CPU
		{C165CD4D-AD60-48A0-936C-D3680E722819}.Ad-Hoc|iPhone.Deploy.0 = Release|Any CPU
		{C165CD4D-AD60-48A0-936C-D3680E722819}.Ad-Hoc|iPhoneSimulator.ActiveCfg = Release|Any CPU
		{C165CD4D-AD60-48A0-936C-D3680E722819}.Ad-Hoc|iPhoneSimulator.Build.0 = Release|Any CPU
		{C165CD4D-AD60-48A0-936C-D3680E722819}.Ad-Hoc|iPhoneSimulator.Deploy.0 = Release|Any CPU
		{C165CD4D-AD60-48A0-936C-D3680E722819}.AppStore|Any CPU.ActiveCfg = Release|Any CPU
		{C165CD4D-AD60-48A0-936C-D3680E722819}.AppStore|Any CPU.Build.0 = Release|Any CPU
		{C165CD4D-AD60-48A0-936C-D3680E722819}.AppStore|Any CPU.Deploy.0 = Release|Any CPU
		{C165CD4D-AD60-48A0-936C-D3680E722819}.AppStore|iPhone.ActiveCfg = Release|Any CPU
		{C165CD4D-AD60-48A0-936C-D3680E722819}.AppStore|iPhone.Build.0 = Release|Any CPU
		{C165CD4D-AD60-48A0-936C-D3680E722819}.AppStore|iPhone.Deploy.0 = Release|Any CPU
		{C165CD4D-AD60-48A0-936C-D3680E722819}.AppStore|iPhoneSimulator.ActiveCfg = Release|Any CPU
		{C165CD4D-AD60-48A0-936C-D3680E722819}.AppStore|iPhoneSimulator.Build.0 = Release|Any CPU
		{C165CD4D-AD60-48A0-936C-D3680E722819}.AppStore|iPhoneSimulator.Deploy.0 = Release|Any CPU
		{C165CD4D-AD60-48A0-936C-D3680E722819}.Debug|Any CPU.ActiveCfg = Debug|Any CPU
		{C165CD4D-AD60-48A0-936C-D3680E722819}.Debug|Any CPU.Build.0 = Debug|Any CPU
		{C165CD4D-AD60-48A0-936C-D3680E722819}.Debug|Any CPU.Deploy.0 = Debug|Any CPU
		{C165CD4D-AD60-48A0-936C-D3680E722819}.Debug|iPhone.ActiveCfg = Debug|Any CPU
		{C165CD4D-AD60-48A0-936C-D3680E722819}.Debug|iPhone.Build.0 = Debug|Any CPU
		{C165CD4D-AD60-48A0-936C-D3680E722819}.Debug|iPhone.Deploy.0 = Debug|Any CPU
		{C165CD4D-AD60-48A0-936C-D3680E722819}.Debug|iPhoneSimulator.ActiveCfg = Debug|Any CPU
		{C165CD4D-AD60-48A0-936C-D3680E722819}.Debug|iPhoneSimulator.Build.0 = Debug|Any CPU
		{C165CD4D-AD60-48A0-936C-D3680E722819}.Debug|iPhoneSimulator.Deploy.0 = Debug|Any CPU
		{C165CD4D-AD60-48A0-936C-D3680E722819}.Release|Any CPU.ActiveCfg = Release|Any CPU
		{C165CD4D-AD60-48A0-936C-D3680E722819}.Release|Any CPU.Build.0 = Release|Any CPU
		{C165CD4D-AD60-48A0-936C-D3680E722819}.Release|Any CPU.Deploy.0 = Release|Any CPU
		{C165CD4D-AD60-48A0-936C-D3680E722819}.Release|iPhone.ActiveCfg = Release|Any CPU
		{C165CD4D-AD60-48A0-936C-D3680E722819}.Release|iPhone.Build.0 = Release|Any CPU
		{C165CD4D-AD60-48A0-936C-D3680E722819}.Release|iPhone.Deploy.0 = Release|Any CPU
		{C165CD4D-AD60-48A0-936C-D3680E722819}.Release|iPhoneSimulator.ActiveCfg = Release|Any CPU
		{C165CD4D-AD60-48A0-936C-D3680E722819}.Release|iPhoneSimulator.Build.0 = Release|Any CPU
		{C165CD4D-AD60-48A0-936C-D3680E722819}.Release|iPhoneSimulator.Deploy.0 = Release|Any CPU
		{B0267D4C-DF63-4FB7-A7CC-1FAC8305787D}.Ad-Hoc|Any CPU.ActiveCfg = Ad-Hoc|iPhone
		{B0267D4C-DF63-4FB7-A7CC-1FAC8305787D}.Ad-Hoc|Any CPU.Build.0 = Ad-Hoc|iPhone
		{B0267D4C-DF63-4FB7-A7CC-1FAC8305787D}.Ad-Hoc|Any CPU.Deploy.0 = Ad-Hoc|iPhone
		{B0267D4C-DF63-4FB7-A7CC-1FAC8305787D}.Ad-Hoc|iPhone.ActiveCfg = Ad-Hoc|iPhone
		{B0267D4C-DF63-4FB7-A7CC-1FAC8305787D}.Ad-Hoc|iPhone.Build.0 = Ad-Hoc|iPhone
		{B0267D4C-DF63-4FB7-A7CC-1FAC8305787D}.Ad-Hoc|iPhone.Deploy.0 = Ad-Hoc|iPhone
		{B0267D4C-DF63-4FB7-A7CC-1FAC8305787D}.Ad-Hoc|iPhoneSimulator.ActiveCfg = Ad-Hoc|iPhoneSimulator
		{B0267D4C-DF63-4FB7-A7CC-1FAC8305787D}.Ad-Hoc|iPhoneSimulator.Build.0 = Ad-Hoc|iPhoneSimulator
		{B0267D4C-DF63-4FB7-A7CC-1FAC8305787D}.Ad-Hoc|iPhoneSimulator.Deploy.0 = Ad-Hoc|iPhoneSimulator
		{B0267D4C-DF63-4FB7-A7CC-1FAC8305787D}.AppStore|Any CPU.ActiveCfg = AppStore|iPhone
		{B0267D4C-DF63-4FB7-A7CC-1FAC8305787D}.AppStore|Any CPU.Build.0 = AppStore|iPhone
		{B0267D4C-DF63-4FB7-A7CC-1FAC8305787D}.AppStore|Any CPU.Deploy.0 = AppStore|iPhone
		{B0267D4C-DF63-4FB7-A7CC-1FAC8305787D}.AppStore|iPhone.ActiveCfg = AppStore|iPhone
		{B0267D4C-DF63-4FB7-A7CC-1FAC8305787D}.AppStore|iPhone.Build.0 = AppStore|iPhone
		{B0267D4C-DF63-4FB7-A7CC-1FAC8305787D}.AppStore|iPhone.Deploy.0 = AppStore|iPhone
		{B0267D4C-DF63-4FB7-A7CC-1FAC8305787D}.AppStore|iPhoneSimulator.ActiveCfg = AppStore|iPhoneSimulator
		{B0267D4C-DF63-4FB7-A7CC-1FAC8305787D}.AppStore|iPhoneSimulator.Build.0 = AppStore|iPhoneSimulator
		{B0267D4C-DF63-4FB7-A7CC-1FAC8305787D}.AppStore|iPhoneSimulator.Deploy.0 = AppStore|iPhoneSimulator
		{B0267D4C-DF63-4FB7-A7CC-1FAC8305787D}.Debug|Any CPU.ActiveCfg = Debug|iPhoneSimulator
		{B0267D4C-DF63-4FB7-A7CC-1FAC8305787D}.Debug|Any CPU.Build.0 = Debug|iPhoneSimulator
		{B0267D4C-DF63-4FB7-A7CC-1FAC8305787D}.Debug|Any CPU.Deploy.0 = Debug|iPhoneSimulator
		{B0267D4C-DF63-4FB7-A7CC-1FAC8305787D}.Debug|iPhone.ActiveCfg = Debug|iPhone
		{B0267D4C-DF63-4FB7-A7CC-1FAC8305787D}.Debug|iPhone.Build.0 = Debug|iPhone
		{B0267D4C-DF63-4FB7-A7CC-1FAC8305787D}.Debug|iPhone.Deploy.0 = Debug|iPhone
		{B0267D4C-DF63-4FB7-A7CC-1FAC8305787D}.Debug|iPhoneSimulator.ActiveCfg = Debug|iPhoneSimulator
		{B0267D4C-DF63-4FB7-A7CC-1FAC8305787D}.Debug|iPhoneSimulator.Build.0 = Debug|iPhoneSimulator
		{B0267D4C-DF63-4FB7-A7CC-1FAC8305787D}.Debug|iPhoneSimulator.Deploy.0 = Debug|iPhoneSimulator
		{B0267D4C-DF63-4FB7-A7CC-1FAC8305787D}.Release|Any CPU.ActiveCfg = Release|iPhone
		{B0267D4C-DF63-4FB7-A7CC-1FAC8305787D}.Release|Any CPU.Build.0 = Release|iPhone
		{B0267D4C-DF63-4FB7-A7CC-1FAC8305787D}.Release|Any CPU.Deploy.0 = Release|iPhone
		{B0267D4C-DF63-4FB7-A7CC-1FAC8305787D}.Release|iPhone.ActiveCfg = Release|iPhone
		{B0267D4C-DF63-4FB7-A7CC-1FAC8305787D}.Release|iPhone.Build.0 = Release|iPhone
		{B0267D4C-DF63-4FB7-A7CC-1FAC8305787D}.Release|iPhone.Deploy.0 = Release|iPhone
		{B0267D4C-DF63-4FB7-A7CC-1FAC8305787D}.Release|iPhoneSimulator.ActiveCfg = Release|iPhoneSimulator
		{B0267D4C-DF63-4FB7-A7CC-1FAC8305787D}.Release|iPhoneSimulator.Build.0 = Release|iPhoneSimulator
		{B0267D4C-DF63-4FB7-A7CC-1FAC8305787D}.Release|iPhoneSimulator.Deploy.0 = Release|iPhoneSimulator
		{35051E60-9C05-47B6-A6DB-FF8B3756D6CC}.Ad-Hoc|Any CPU.ActiveCfg = Debug|Any CPU
		{35051E60-9C05-47B6-A6DB-FF8B3756D6CC}.Ad-Hoc|Any CPU.Build.0 = Debug|Any CPU
		{35051E60-9C05-47B6-A6DB-FF8B3756D6CC}.Ad-Hoc|Any CPU.Deploy.0 = Debug|Any CPU
		{35051E60-9C05-47B6-A6DB-FF8B3756D6CC}.Ad-Hoc|iPhone.ActiveCfg = Debug|Any CPU
		{35051E60-9C05-47B6-A6DB-FF8B3756D6CC}.Ad-Hoc|iPhone.Build.0 = Debug|Any CPU
		{35051E60-9C05-47B6-A6DB-FF8B3756D6CC}.Ad-Hoc|iPhone.Deploy.0 = Debug|Any CPU
		{35051E60-9C05-47B6-A6DB-FF8B3756D6CC}.Ad-Hoc|iPhoneSimulator.ActiveCfg = Debug|Any CPU
		{35051E60-9C05-47B6-A6DB-FF8B3756D6CC}.Ad-Hoc|iPhoneSimulator.Build.0 = Debug|Any CPU
		{35051E60-9C05-47B6-A6DB-FF8B3756D6CC}.Ad-Hoc|iPhoneSimulator.Deploy.0 = Debug|Any CPU
		{35051E60-9C05-47B6-A6DB-FF8B3756D6CC}.AppStore|Any CPU.ActiveCfg = Debug|Any CPU
		{35051E60-9C05-47B6-A6DB-FF8B3756D6CC}.AppStore|Any CPU.Build.0 = Debug|Any CPU
		{35051E60-9C05-47B6-A6DB-FF8B3756D6CC}.AppStore|Any CPU.Deploy.0 = Debug|Any CPU
		{35051E60-9C05-47B6-A6DB-FF8B3756D6CC}.AppStore|iPhone.ActiveCfg = Debug|Any CPU
		{35051E60-9C05-47B6-A6DB-FF8B3756D6CC}.AppStore|iPhone.Build.0 = Debug|Any CPU
		{35051E60-9C05-47B6-A6DB-FF8B3756D6CC}.AppStore|iPhone.Deploy.0 = Debug|Any CPU
		{35051E60-9C05-47B6-A6DB-FF8B3756D6CC}.AppStore|iPhoneSimulator.ActiveCfg = Debug|Any CPU
		{35051E60-9C05-47B6-A6DB-FF8B3756D6CC}.AppStore|iPhoneSimulator.Build.0 = Debug|Any CPU
		{35051E60-9C05-47B6-A6DB-FF8B3756D6CC}.AppStore|iPhoneSimulator.Deploy.0 = Debug|Any CPU
		{35051E60-9C05-47B6-A6DB-FF8B3756D6CC}.Debug|Any CPU.ActiveCfg = Debug|Any CPU
		{35051E60-9C05-47B6-A6DB-FF8B3756D6CC}.Debug|Any CPU.Build.0 = Debug|Any CPU
		{35051E60-9C05-47B6-A6DB-FF8B3756D6CC}.Debug|Any CPU.Deploy.0 = Debug|Any CPU
		{35051E60-9C05-47B6-A6DB-FF8B3756D6CC}.Debug|iPhone.ActiveCfg = Debug|Any CPU
		{35051E60-9C05-47B6-A6DB-FF8B3756D6CC}.Debug|iPhone.Build.0 = Debug|Any CPU
		{35051E60-9C05-47B6-A6DB-FF8B3756D6CC}.Debug|iPhone.Deploy.0 = Debug|Any CPU
		{35051E60-9C05-47B6-A6DB-FF8B3756D6CC}.Debug|iPhoneSimulator.ActiveCfg = Debug|Any CPU
		{35051E60-9C05-47B6-A6DB-FF8B3756D6CC}.Debug|iPhoneSimulator.Build.0 = Debug|Any CPU
		{35051E60-9C05-47B6-A6DB-FF8B3756D6CC}.Debug|iPhoneSimulator.Deploy.0 = Debug|Any CPU
		{35051E60-9C05-47B6-A6DB-FF8B3756D6CC}.Release|Any CPU.ActiveCfg = Release|Any CPU
		{35051E60-9C05-47B6-A6DB-FF8B3756D6CC}.Release|Any CPU.Build.0 = Release|Any CPU
		{35051E60-9C05-47B6-A6DB-FF8B3756D6CC}.Release|Any CPU.Deploy.0 = Release|Any CPU
		{35051E60-9C05-47B6-A6DB-FF8B3756D6CC}.Release|iPhone.ActiveCfg = Release|Any CPU
		{35051E60-9C05-47B6-A6DB-FF8B3756D6CC}.Release|iPhone.Build.0 = Release|Any CPU
		{35051E60-9C05-47B6-A6DB-FF8B3756D6CC}.Release|iPhone.Deploy.0 = Release|Any CPU
		{35051E60-9C05-47B6-A6DB-FF8B3756D6CC}.Release|iPhoneSimulator.ActiveCfg = Release|Any CPU
		{35051E60-9C05-47B6-A6DB-FF8B3756D6CC}.Release|iPhoneSimulator.Build.0 = Release|Any CPU
		{35051E60-9C05-47B6-A6DB-FF8B3756D6CC}.Release|iPhoneSimulator.Deploy.0 = Release|Any CPU
	EndGlobalSection
	GlobalSection(SolutionProperties) = preSolution
		HideSolutionNode = FALSE
	EndGlobalSection
	GlobalSection(ExtensibilityGlobals) = postSolution
		SolutionGuid = {455E3DDB-EA51-49D0-B2AF-D945915DEA7A}
	EndGlobalSection
EndGlobal
